
Microsoft Visual Studio Solution File, Format Version 12.00
# Visual Studio Version 16
VisualStudioVersion = 16.0.30804.86
MinimumVisualStudioVersion = 10.0.40219.1
Project("{FAE04EC0-301F-11D3-BF4B-00C04F79EFBC}") = "Quiz", "Quiz.csproj", "{541775A5-7545-4D1E-AD73-DC7A248A36B9}"
EndProject
Global
	GlobalSection(SolutionConfigurationPlatforms) = preSolution
		Debug|Any CPU = Debug|Any CPU
		Release|Any CPU = Release|Any CPU
	EndGlobalSection
	GlobalSection(ProjectConfigurationPlatforms) = postSolution
		{541775A5-7545-4D1E-AD73-DC7A248A36B9}.Debug|Any CPU.ActiveCfg = Debug|Any CPU
		{541775A5-7545-4D1E-AD73-DC7A248A36B9}.Debug|Any CPU.Build.0 = Debug|Any CPU
		{541775A5-7545-4D1E-AD73-DC7A248A36B9}.Release|Any CPU.ActiveCfg = Release|Any CPU
		{541775A5-7545-4D1E-AD73-DC7A248A36B9}.Release|Any CPU.Build.0 = Release|Any CPU
	EndGlobalSection
	GlobalSection(SolutionProperties) = preSolution
		HideSolutionNode = FALSE
	EndGlobalSection
	GlobalSection(ExtensibilityGlobals) = postSolution
		SolutionGuid = {BAE77729-87D8-4CDB-85CC-21ADF1832350}
	EndGlobalSection
EndGlobal
